
Microsoft Visual Studio Solution File, Format Version 12.00
# Visual Studio Version 16
VisualStudioVersion = 16.0.33529.622
MinimumVisualStudioVersion = 10.0.40219.1
Project("{FAE04EC0-301F-11D3-BF4B-00C04F79EFBC}") = "TestMVC", "TestMVC\TestMVC.csproj", "{F8464E6B-A227-4707-9D4F-925257D32775}"
EndProject
Global
	GlobalSection(SolutionConfigurationPlatforms) = preSolution
		Debug|Any CPU = Debug|Any CPU
		Release|Any CPU = Release|Any CPU
	EndGlobalSection
	GlobalSection(ProjectConfigurationPlatforms) = postSolution
		{F8464E6B-A227-4707-9D4F-925257D32775}.Debug|Any CPU.ActiveCfg = Debug|Any CPU
		{F8464E6B-A227-4707-9D4F-925257D32775}.Debug|Any CPU.Build.0 = Debug|Any CPU
		{F8464E6B-A227-4707-9D4F-925257D32775}.Release|Any CPU.ActiveCfg = Release|Any CPU
		{F8464E6B-A227-4707-9D4F-925257D32775}.Release|Any CPU.Build.0 = Release|Any CPU
	EndGlobalSection
	GlobalSection(SolutionProperties) = preSolution
		HideSolutionNode = FALSE
	EndGlobalSection
	GlobalSection(ExtensibilityGlobals) = postSolution
		SolutionGuid = {28B1954B-BFD3-4E74-B8F0-B357A1E278AD}
	EndGlobalSection
EndGlobal
